# This file is autogenerated, do not edit; changes may be undone by the next 'dep ensure'.


[[projects]]
  name = "github.com/stianeikeland/go-rpio"
  packages = ["."]
  revision = "d43a3ce8186d47f497a6785f997400a1b2f1fdc7"
  version = "v4.4.0"

[solve-meta]
  analyzer-name = "dep"
  analyzer-version = 1
  inputs-digest = "25125083f8dee4b9a5884b87ea1f5d7234d20992f17100704567ac31bdd490f3"
  solver-name = "gps-cdcl"
  solver-version = 1
